PODS:
  - Kingfisher (5.15.6):
    - Kingfisher/Core (= 5.15.6)
  - Kingfisher/Core (5.15.6)
  - SwiftLint (0.40.3)
  - TapAdditionsKitV2 (0.0.3):
    - SwiftLint
    - TapSwiftFixes/Exceptions
    - TapSwiftFixes/Threading
  - TapSwiftFixes/Exceptions (1.0.9)
  - TapSwiftFixes/Threading (1.0.9)

DEPENDENCIES:
  - Kingfisher
  - SwiftLint
  - TapAdditionsKitV2

SPEC REPOS:
  trunk:
    - Kingfisher
    - SwiftLint
    - TapAdditionsKitV2
    - TapSwiftFixes

SPEC CHECKSUMS:
  Kingfisher: b3554e7bf6106115b44e8795300bad580ef2fdc7
  SwiftLint: dfd554ff0dff17288ee574814ccdd5cea85d76f7
  TapAdditionsKitV2: 5752ee6837d690d4f38449d83155ab631fc4fc13
  TapSwiftFixes: db2aeb21942dd81ee051a31ed319dab0d03547a2

PODFILE CHECKSUM: e1044445312798e89093f762b87c9989cec6a568

COCOAPODS: 1.9.3
